// !$*UTF8*$!
{
	archiveVersion = 1;
	classes = {
	};
	objectVersion = 50;
	objects = {

/* Begin PBXBuildFile section */
		4A95D7B82271A4F400704748 /* AppDelegate.swift in Sources */ = {isa = PBXBuildFile; fileRef = 4A95D7B72271A4F400704748 /* AppDelegate.swift */; };
		4A95D7BA2271A4F400704748 /* ViewController.swift in Sources */ = {isa = PBXBuildFile; fileRef = 4A95D7B92271A4F400704748 /* ViewController.swift */; };
		4A95D7BD2271A4F400704748 /* Main.storyboard in Resources */ = {isa = PBXBuildFile; fileRef = 4A95D7BB2271A4F400704748 /* Main.storyboard */; };
		4A95D7BF2271A4F600704748 /* Assets.xcassets in Resources */ = {isa = PBXBuildFile; fileRef = 4A95D7BE2271A4F600704748 /* Assets.xcassets */; };
		4A95D7C22271A4F600704748 /* LaunchScreen.storyboard in Resources */ = {isa = PBXBuildFile; fileRef = 4A95D7C02271A4F600704748 /* LaunchScreen.storyboard */; };
		4A95D7D42271AE2200704748 /* FiguresModule.swift in Sources */ = {isa = PBXBuildFile; fileRef = 4A95D7D32271AE2200704748 /* FiguresModule.swift */; };
		4A95D7D62271AE9100704748 /* FiguresView.swift in Sources */ = {isa = PBXBuildFile; fileRef = 4A95D7D52271AE9100704748 /* FiguresView.swift */; };
		4A95D7D82271AEB200704748 /* FiguresInteractor.swift in Sources */ = {isa = PBXBuildFile; fileRef = 4A95D7D72271AEB200704748 /* FiguresInteractor.swift */; };
		4A95D7DA2271AEDA00704748 /* FiguresPresenter.swift in Sources */ = {isa = PBXBuildFile; fileRef = 4A95D7D92271AEDA00704748 /* FiguresPresenter.swift */; };
		4A95D7DC2271AFDB00704748 /* FiguresBuilder.swift in Sources */ = {isa = PBXBuildFile; fileRef = 4A95D7DB2271AFDB00704748 /* FiguresBuilder.swift */; };
/* End PBXBuildFile section */

/* Begin PBXFileReference section */
		4A95D7B42271A4F400704748 /* Figures.app */ = {isa = PBXFileReference; explicitFileType = wrapper.application; includeInIndex = 0; path = Figures.app; sourceTree = BUILT_PRODUCTS_DIR; };
		4A95D7B72271A4F400704748 /* AppDelegate.swift */ = {isa = PBXFileReference; lastKnownFileType = sourcecode.swift; path = AppDelegate.swift; sourceTree = "<group>"; };
		4A95D7B92271A4F400704748 /* ViewController.swift */ = {isa = PBXFileReference; lastKnownFileType = sourcecode.swift; path = ViewController.swift; sourceTree = "<group>"; };
		4A95D7BC2271A4F400704748 /* Base */ = {isa = PBXFileReference; lastKnownFileType = file.storyboard; name = Base; path = Base.lproj/Main.storyboard; sourceTree = "<group>"; };
		4A95D7BE2271A4F600704748 /* Assets.xcassets */ = {isa = PBXFileReference; lastKnownFileType = folder.assetcatalog; path = Assets.xcassets; sourceTree = "<group>"; };
		4A95D7C12271A4F600704748 /* Base */ = {isa = PBXFileReference; lastKnownFileType = file.storyboard; name = Base; path = Base.lproj/LaunchScreen.storyboard; sourceTree = "<group>"; };
		4A95D7C32271A4F600704748 /* Info.plist */ = {isa = PBXFileReference; lastKnownFileType = text.plist.xml; path = Info.plist; sourceTree = "<group>"; };
		4A95D7D32271AE2200704748 /* FiguresModule.swift */ = {isa = PBXFileReference; lastKnownFileType = sourcecode.swift; path = FiguresModule.swift; sourceTree = "<group>"; };
		4A95D7D52271AE9100704748 /* FiguresView.swift */ = {isa = PBXFileReference; lastKnownFileType = sourcecode.swift; path = FiguresView.swift; sourceTree = "<group>"; };
		4A95D7D72271AEB200704748 /* FiguresInteractor.swift */ = {isa = PBXFileReference; lastKnownFileType = sourcecode.swift; path = FiguresInteractor.swift; sourceTree = "<group>"; };
		4A95D7D92271AEDA00704748 /* FiguresPresenter.swift */ = {isa = PBXFileReference; lastKnownFileType = sourcecode.swift; path = FiguresPresenter.swift; sourceTree = "<group>"; };
		4A95D7DB2271AFDB00704748 /* FiguresBuilder.swift */ = {isa = PBXFileReference; lastKnownFileType = sourcecode.swift; path = FiguresBuilder.swift; sourceTree = "<group>"; };
/* End PBXFileReference section */

/* Begin PBXFrameworksBuildPhase section */
		4A95D7B12271A4F400704748 /* Frameworks */ = {
			isa = PBXFrameworksBuildPhase;
			buildActionMask = 2147483647;
			files = (
			);
			runOnlyForDeploymentPostprocessing = 0;
		};
/* End PBXFrameworksBuildPhase section */

/* Begin PBXGroup section */
		4A95D7AB2271A4F400704748 = {
			isa = PBXGroup;
			children = (
				4A95D7B62271A4F400704748 /* Figures */,
				4A95D7B52271A4F400704748 /* Products */,
			);
			sourceTree = "<group>";
		};
		4A95D7B52271A4F400704748 /* Products */ = {
			isa = PBXGroup;
			children = (
				4A95D7B42271A4F400704748 /* Figures.app */,
			);
			name = Products;
			sourceTree = "<group>";
		};
		4A95D7B62271A4F400704748 /* Figures */ = {
			isa = PBXGroup;
			children = (
				4A95D7B72271A4F400704748 /* AppDelegate.swift */,
				4A95D7BE2271A4F600704748 /* Assets.xcassets */,
				4A95D7D22271AE0900704748 /* Builder */,
				4A95D7D32271AE2200704748 /* FiguresModule.swift */,
				4A95D7C32271A4F600704748 /* Info.plist */,
				4A95D7C02271A4F600704748 /* LaunchScreen.storyboard */,
				4A95D7BB2271A4F400704748 /* Main.storyboard */,
				4A95D7B92271A4F400704748 /* ViewController.swift */,
			);
			path = Figures;
			sourceTree = "<group>";
		};
		4A95D7D22271AE0900704748 /* Builder */ = {
			isa = PBXGroup;
			children = (
				4A95D7DB2271AFDB00704748 /* FiguresBuilder.swift */,
				4A95D7D72271AEB200704748 /* FiguresInteractor.swift */,
				4A95D7D92271AEDA00704748 /* FiguresPresenter.swift */,
				4A95D7D52271AE9100704748 /* FiguresView.swift */,
			);
			path = Builder;
			sourceTree = "<group>";
		};
/* End PBXGroup section */

/* Begin PBXNativeTarget section */
		4A95D7B32271A4F400704748 /* Figures */ = {
			isa = PBXNativeTarget;
			buildConfigurationList = 4A95D7C62271A4F600704748 /* Build configuration list for PBXNativeTarget "Figures" */;
			buildPhases = (
				4A95D7B02271A4F400704748 /* Sources */,
				4A95D7B12271A4F400704748 /* Frameworks */,
				4A95D7B22271A4F400704748 /* Resources */,
			);
			buildRules = (
			);
			dependencies = (
			);
			name = Figures;
			productName = Figures;
			productReference = 4A95D7B42271A4F400704748 /* Figures.app */;
			productType = "com.apple.product-type.application";
		};
/* End PBXNativeTarget section */

/* Begin PBXProject section */
		4A95D7AC2271A4F400704748 /* Project object */ = {
			isa = PBXProject;
			attributes = {
				LastSwiftUpdateCheck = 1020;
				LastUpgradeCheck = 1020;
				ORGANIZATIONNAME = "Art Karma";
				TargetAttributes = {
					4A95D7B32271A4F400704748 = {
						CreatedOnToolsVersion = 10.2.1;
					};
				};
			};
			buildConfigurationList = 4A95D7AF2271A4F400704748 /* Build configuration list for PBXProject "Figures" */;
			compatibilityVersion = "Xcode 9.3";
			developmentRegion = en;
			hasScannedForEncodings = 0;
			knownRegions = (
				en,
				Base,
			);
			mainGroup = 4A95D7AB2271A4F400704748;
			productRefGroup = 4A95D7B52271A4F400704748 /* Products */;
			projectDirPath = "";
			projectRoot = "";
			targets = (
				4A95D7B32271A4F400704748 /* Figures */,
			);
		};
/* End PBXProject section */

/* Begin PBXResourcesBuildPhase section */
		4A95D7B22271A4F400704748 /* Resources */ = {
			isa = PBXResourcesBuildPhase;
			buildActionMask = 2147483647;
			files = (
				4A95D7C22271A4F600704748 /* LaunchScreen.storyboard in Resources */,
				4A95D7BF2271A4F600704748 /* Assets.xcassets in Resources */,
				4A95D7BD2271A4F400704748 /* Main.storyboard in Resources */,
			);
			runOnlyForDeploymentPostprocessing = 0;
		};
/* End PBXResourcesBuildPhase section */

/* Begin PBXSourcesBuildPhase section */
		4A95D7B02271A4F400704748 /* Sources */ = {
			isa = PBXSourcesBuildPhase;
			buildActionMask = 2147483647;
			files = (
				4A95D7D42271AE2200704748 /* FiguresModule.swift in Sources */,
				4A95D7DA2271AEDA00704748 /* FiguresPresenter.swift in Sources */,
				4A95D7D62271AE9100704748 /* FiguresView.swift in Sources */,
				4A95D7BA2271A4F400704748 /* ViewController.swift in Sources */,
				4A95D7B82271A4F400704748 /* AppDelegate.swift in Sources */,
				4A95D7D82271AEB200704748 /* FiguresInteractor.swift in Sources */,
				4A95D7DC2271AFDB00704748 /* FiguresBuilder.swift in Sources */,
			);
			runOnlyForDeploymentPostprocessing = 0;
		};
/* End PBXSourcesBuildPhase section */

/* Begin PBXVariantGroup section */
		4A95D7BB2271A4F400704748 /* Main.storyboard */ = {
			isa = PBXVariantGroup;
			children = (
				4A95D7BC2271A4F400704748 /* Base */,
			);
			name = Main.storyboard;
			sourceTree = "<group>";
		};
		4A95D7C02271A4F600704748 /* LaunchScreen.storyboard */ = {
			isa = PBXVariantGroup;
			children = (
				4A95D7C12271A4F600704748 /* Base */,
			);
			name = LaunchScreen.storyboard;
			sourceTree = "<group>";
		};
/* End PBXVariantGroup section */

/* Begin XCBuildConfiguration section */
		4A95D7C42271A4F600704748 /* Debug */ = {
			isa = XCBuildConfiguration;
			buildSettings = {
				ALWAYS_SEARCH_USER_PATHS = NO;
				CLANG_ANALYZER_NONNULL = YES;
				CLANG_ANALYZER_NUMBER_OBJECT_CONVERSION = YES_AGGRESSIVE;
				CLANG_CXX_LANGUAGE_STANDARD = "gnu++14";
				CLANG_CXX_LIBRARY = "libc++";
				CLANG_ENABLE_MODULES = YES;
				CLANG_ENABLE_OBJC_ARC = YES;
				CLANG_ENABLE_OBJC_WEAK = YES;
				CLANG_WARN_BLOCK_CAPTURE_AUTORELEASING = YES;
				CLANG_WARN_BOOL_CONVERSION = YES;
				CLANG_WARN_COMMA = YES;
				CLANG_WARN_CONSTANT_CONVERSION = YES;
				CLANG_WARN_DEPRECATED_OBJC_IMPLEMENTATIONS = YES;
				CLANG_WARN_DIRECT_OBJC_ISA_USAGE = YES_ERROR;
				CLANG_WARN_DOCUMENTATION_COMMENTS = YES;
				CLANG_WARN_EMPTY_BODY = YES;
				CLANG_WARN_ENUM_CONVERSION = YES;
				CLANG_WARN_INFINITE_RECURSION = YES;
				CLANG_WARN_INT_CONVERSION = YES;
				CLANG_WARN_NON_LITERAL_NULL_CONVERSION = YES;
				CLANG_WARN_OBJC_IMPLICIT_RETAIN_SELF = YES;
				CLANG_WARN_OBJC_LITERAL_CONVERSION = YES;
				CLANG_WARN_OBJC_ROOT_CLASS = YES_ERROR;
				CLANG_WARN_RANGE_LOOP_ANALYSIS = YES;
				CLANG_WARN_STRICT_PROTOTYPES = YES;
				CLANG_WARN_SUSPICIOUS_MOVE = YES;
				CLANG_WARN_UNGUARDED_AVAILABILITY = YES_AGGRESSIVE;
				CLANG_WARN_UNREACHABLE_CODE = YES;
				CLANG_WARN__DUPLICATE_METHOD_MATCH = YES;
				CODE_SIGN_IDENTITY = "iPhone Developer";
				COPY_PHASE_STRIP = NO;
				DEBUG_INFORMATION_FORMAT = dwarf;
				ENABLE_STRICT_OBJC_MSGSEND = YES;
				ENABLE_TESTABILITY = YES;
				GCC_C_LANGUAGE_STANDARD = gnu11;
				GCC_DYNAMIC_NO_PIC = NO;
				GCC_NO_COMMON_BLOCKS = YES;
				GCC_OPTIMIZATION_LEVEL = 0;
				GCC_PREPROCESSOR_DEFINITIONS = (
					"DEBUG=1",
					"$(inherited)",
				);
				GCC_WARN_64_TO_32_BIT_CONVERSION = YES;
				GCC_WARN_ABOUT_RETURN_TYPE = YES_ERROR;
				GCC_WARN_UNDECLARED_SELECTOR = YES;
				GCC_WARN_UNINITIALIZED_AUTOS = YES_AGGRESSIVE;
				GCC_WARN_UNUSED_FUNCTION = YES;
				GCC_WARN_UNUSED_VARIABLE = YES;
				IPHONEOS_DEPLOYMENT_TARGET = 12.2;
				MTL_ENABLE_DEBUG_INFO = INCLUDE_SOURCE;
				MTL_FAST_MATH = YES;
				ONLY_ACTIVE_ARCH = YES;
				SDKROOT = iphoneos;
				SWIFT_ACTIVE_COMPILATION_CONDITIONS = DEBUG;
				SWIFT_OPTIMIZATION_LEVEL = "-Onone";
			};
			name = Debug;
		};
		4A95D7C52271A4F600704748 /* Release */ = {
			isa = XCBuildConfiguration;
			buildSettings = {
				ALWAYS_SEARCH_USER_PATHS = NO;
				CLANG_ANALYZER_NONNULL = YES;
				CLANG_ANALYZER_NUMBER_OBJECT_CONVERSION = YES_AGGRESSIVE;
				CLANG_CXX_LANGUAGE_STANDARD = "gnu++14";
				CLANG_CXX_LIBRARY = "libc++";
				CLANG_ENABLE_MODULES = YES;
				CLANG_ENABLE_OBJC_ARC = YES;
				CLANG_ENABLE_OBJC_WEAK = YES;
				CLANG_WARN_BLOCK_CAPTURE_AUTORELEASING = YES;
				CLANG_WARN_BOOL_CONVERSION = YES;
				CLANG_WARN_COMMA = YES;
				CLANG_WARN_CONSTANT_CONVERSION = YES;
				CLANG_WARN_DEPRECATED_OBJC_IMPLEMENTATIONS = YES;
				CLANG_WARN_DIRECT_OBJC_ISA_USAGE = YES_ERROR;
				CLANG_WARN_DOCUMENTATION_COMMENTS = YES;
				CLANG_WARN_EMPTY_BODY = YES;
				CLANG_WARN_ENUM_CONVERSION = YES;
				CLANG_WARN_INFINITE_RECURSION = YES;
				CLANG_WARN_INT_CONVERSION = YES;
				CLANG_WARN_NON_LITERAL_NULL_CONVERSION = YES;
				CLANG_WARN_OBJC_IMPLICIT_RETAIN_SELF = YES;
				CLANG_WARN_OBJC_LITERAL_CONVERSION = YES;
				CLANG_WARN_OBJC_ROOT_CLASS = YES_ERROR;
				CLANG_WARN_RANGE_LOOP_ANALYSIS = YES;
				CLANG_WARN_STRICT_PROTOTYPES = YES;
				CLANG_WARN_SUSPICIOUS_MOVE = YES;
				CLANG_WARN_UNGUARDED_AVAILABILITY = YES_AGGRESSIVE;
				CLANG_WARN_UNREACHABLE_CODE = YES;
				CLANG_WARN__DUPLICATE_METHOD_MATCH = YES;
				CODE_SIGN_IDENTITY = "iPhone Developer";
				COPY_PHASE_STRIP = NO;
				DEBUG_INFORMATION_FORMAT = "dwarf-with-dsym";
				ENABLE_NS_ASSERTIONS = NO;
				ENABLE_STRICT_OBJC_MSGSEND = YES;
				GCC_C_LANGUAGE_STANDARD = gnu11;
				GCC_NO_COMMON_BLOCKS = YES;
				GCC_WARN_64_TO_32_BIT_CONVERSION = YES;
				GCC_WARN_ABOUT_RETURN_TYPE = YES_ERROR;
				GCC_WARN_UNDECLARED_SELECTOR = YES;
				GCC_WARN_UNINITIALIZED_AUTOS = YES_AGGRESSIVE;
				GCC_WARN_UNUSED_FUNCTION = YES;
				GCC_WARN_UNUSED_VARIABLE = YES;
				IPHONEOS_DEPLOYMENT_TARGET = 12.2;
				MTL_ENABLE_DEBUG_INFO = NO;
				MTL_FAST_MATH = YES;
				SDKROOT = iphoneos;
				SWIFT_COMPILATION_MODE = wholemodule;
				SWIFT_OPTIMIZATION_LEVEL = "-O";
				VALIDATE_PRODUCT = YES;
			};
			name = Release;
		};
		4A95D7C72271A4F600704748 /* Debug */ = {
			isa = XCBuildConfiguration;
			buildSettings = {
				ASSETCATALOG_COMPILER_APPICON_NAME = AppIcon;
				CODE_SIGN_STYLE = Automatic;
				DEVELOPMENT_TEAM = B4FXKBHXYA;
				INFOPLIST_FILE = Figures/Info.plist;
				LD_RUNPATH_SEARCH_PATHS = (
					"$(inherited)",
					"@executable_path/Frameworks",
				);
				PRODUCT_BUNDLE_IDENTIFIER = AK.Figures;
				PRODUCT_NAME = "$(TARGET_NAME)";
				SWIFT_VERSION = 5.0;
				TARGETED_DEVICE_FAMILY = "1,2";
			};
			name = Debug;
		};
		4A95D7C82271A4F600704748 /* Release */ = {
			isa = XCBuildConfiguration;
			buildSettings = {
				ASSETCATALOG_COMPILER_APPICON_NAME = AppIcon;
				CODE_SIGN_STYLE = Automatic;
				DEVELOPMENT_TEAM = B4FXKBHXYA;
				INFOPLIST_FILE = Figures/Info.plist;
				LD_RUNPATH_SEARCH_PATHS = (
					"$(inherited)",
					"@executable_path/Frameworks",
				);
				PRODUCT_BUNDLE_IDENTIFIER = AK.Figures;
				PRODUCT_NAME = "$(TARGET_NAME)";
				SWIFT_VERSION = 5.0;
				TARGETED_DEVICE_FAMILY = "1,2";
			};
			name = Release;
		};
/* End XCBuildConfiguration section */

/* Begin XCConfigurationList section */
		4A95D7AF2271A4F400704748 /* Build configuration list for PBXProject "Figures" */ = {
			isa = XCConfigurationList;
			buildConfigurations = (
				4A95D7C42271A4F600704748 /* Debug */,
				4A95D7C52271A4F600704748 /* Release */,
			);
			defaultConfigurationIsVisible = 0;
			defaultConfigurationName = Release;
		};
		4A95D7C62271A4F600704748 /* Build configuration list for PBXNativeTarget "Figures" */ = {
			isa = XCConfigurationList;
			buildConfigurations = (
				4A95D7C72271A4F600704748 /* Debug */,
				4A95D7C82271A4F600704748 /* Release */,
			);
			defaultConfigurationIsVisible = 0;
			defaultConfigurationName = Release;
		};
/* End XCConfigurationList section */
	};
	rootObject = 4A95D7AC2271A4F400704748 /* Project object */;
}
